
Microsoft Visual Studio Solution File, Format Version 12.00
# Visual Studio Version 16
VisualStudioVersion = 16.0.30225.117
MinimumVisualStudioVersion = 10.0.40219.1
Project("{9A19103F-16F7-4668-BE54-9A1E7A4F7556}") = "Viper.GetWay", "Viper\Viper.GetWay.csproj", "{E762B341-4B1E-4288-8B6B-6EBDB592DB79}"
EndProject
Project("{9A19103F-16F7-4668-BE54-9A1E7A4F7556}") = "ViperCenter", "ViperCenter\ViperCenter.csproj", "{D5394B7C-98A8-4625-AC5B-0AEFC1846E45}"
EndProject
Project("{9A19103F-16F7-4668-BE54-9A1E7A4F7556}") = "ViperService", "ViperService\ViperService.csproj", "{938E946E-2231-4519-923A-0B314B47814F}"
EndProject
Project("{2150E333-8FDC-42A3-9474-1A3956D46DE8}") = "Component", "Component", "{9DD4A5DE-4753-4799-8551-9F6437413EAE}"
EndProject
Project("{9A19103F-16F7-4668-BE54-9A1E7A4F7556}") = "Anno.Plugs.ViperService", "Anno.Plugs.ViperService\Anno.Plugs.ViperService.csproj", "{97045089-2D3C-45AD-B69E-80602B1208DD}"
EndProject
Project("{9A19103F-16F7-4668-BE54-9A1E7A4F7556}") = "Anno.Plugs.TraceService", "Anno.Plugs.TraceService\Anno.Plugs.TraceService.csproj", "{0953B81D-6F7D-41F8-BA42-B63136BA4FE0}"
EndProject
Project("{2150E333-8FDC-42A3-9474-1A3956D46DE8}") = "Common", "Common", "{9FAB8D1B-01FA-498B-9758-6DE987675DCB}"
EndProject
Project("{9A19103F-16F7-4668-BE54-9A1E7A4F7556}") = "Anno.Infrastructure", "Anno.Infrastructure\Anno.Infrastructure.csproj", "{5E7B97C0-FCD0-41AF-A0CA-F276E327889D}"
EndProject
Project("{9A19103F-16F7-4668-BE54-9A1E7A4F7556}") = "Anno.Common", "Anno.Common\Anno.Common.csproj", "{B2A0AB4A-2AEC-432C-9CCD-32474542D9AC}"
EndProject
Project("{9A19103F-16F7-4668-BE54-9A1E7A4F7556}") = "Anno.Plugs.LogicService", "Anno.Plugs.LogicService\Anno.Plugs.LogicService.csproj", "{EC2FC6D5-2592-435A-94E4-E29A0543CA96}"
EndProject
Project("{2150E333-8FDC-42A3-9474-1A3956D46DE8}") = "Trace", "Trace", "{DDD02E73-9579-4CEB-98B3-6AEB4BE63358}"
EndProject
Project("{9A19103F-16F7-4668-BE54-9A1E7A4F7556}") = "Anno.Model", "Trace\Anno.Model\Anno.Model.csproj", "{E2227FD3-456B-40F2-9D3B-0595096A5F27}"
EndProject
Project("{9A19103F-16F7-4668-BE54-9A1E7A4F7556}") = "Anno.Domain.Dto", "Trace\Anno.Domain.Dto\Anno.Domain.Dto.csproj", "{BCF5174B-5AA9-4977-93B9-6F4AE5C38B38}"
EndProject
Project("{9A19103F-16F7-4668-BE54-9A1E7A4F7556}") = "Anno.Repository", "Trace\Anno.Repository\Anno.Repository.csproj", "{69118BEB-3EB3-43BD-9A5B-0E53A583A744}"
EndProject
Project("{9A19103F-16F7-4668-BE54-9A1E7A4F7556}") = "Anno.Domain", "Trace\Anno.Domain\Anno.Domain.csproj", "{A825E8D9-6867-4550-A494-D759D157EFA8}"
EndProject
Project("{9A19103F-16F7-4668-BE54-9A1E7A4F7556}") = "Anno.Command.Handler", "Trace\Anno.Command.Handler\Anno.Command.Handler.csproj", "{0BAD856A-9DEE-47A0-A2C8-433DD50575E3}"
EndProject
Project("{9A19103F-16F7-4668-BE54-9A1E7A4F7556}") = "Anno.Command", "Trace\Anno.Command\Anno.Command.csproj", "{20A5144D-8DC6-4340-A87D-1B741D0A7963}"
EndProject
Project("{9A19103F-16F7-4668-BE54-9A1E7A4F7556}") = "Anno.CommandBus", "Anno.CommandBus\Anno.CommandBus.csproj", "{1139F269-9529-4EBF-BCA8-6AAE02EAA0AC}"
EndProject
Project("{9A19103F-16F7-4668-BE54-9A1E7A4F7556}") = "Anno.Redis", "Anno.Redis\Anno.Redis.csproj", "{1D9C2929-B307-4BC6-B81C-9220547F3574}"
EndProject
Project("{2150E333-8FDC-42A3-9474-1A3956D46DE8}") = "database", "database", "{9E24E7D3-53A0-43BE-8E60-4C006F8EA84E}"
	ProjectSection(SolutionItems) = preProject
		database\Viper20200926184831.sql = database\Viper20200926184831.sql
	EndProjectSection
EndProject
Project("{9A19103F-16F7-4668-BE54-9A1E7A4F7556}") = "Anno.Plugs.MonitorService", "Anno.Plugs.MonitorService\Anno.Plugs.MonitorService.csproj", "{4F63FFB3-C4C5-4520-AF76-2595F29F0B43}"
EndProject
Project("{2150E333-8FDC-42A3-9474-1A3956D46DE8}") = "Builder", "Builder", "{A61F46AC-68F4-4AB7-9CC8-D84F079883F1}"
	ProjectSection(SolutionItems) = preProject
		Directory.Build.props = Directory.Build.props
	EndProjectSection
EndProject
Global
	GlobalSection(SolutionConfigurationPlatforms) = preSolution
		Debug|Any CPU = Debug|Any CPU
		Release|Any CPU = Release|Any CPU
	EndGlobalSection
	GlobalSection(ProjectConfigurationPlatforms) = postSolution
		{E762B341-4B1E-4288-8B6B-6EBDB592DB79}.Debug|Any CPU.ActiveCfg = Debug|Any CPU
		{E762B341-4B1E-4288-8B6B-6EBDB592DB79}.Debug|Any CPU.Build.0 = Debug|Any CPU
		{E762B341-4B1E-4288-8B6B-6EBDB592DB79}.Release|Any CPU.ActiveCfg = Release|Any CPU
		{E762B341-4B1E-4288-8B6B-6EBDB592DB79}.Release|Any CPU.Build.0 = Release|Any CPU
		{D5394B7C-98A8-4625-AC5B-0AEFC1846E45}.Debug|Any CPU.ActiveCfg = Debug|Any CPU
		{D5394B7C-98A8-4625-AC5B-0AEFC1846E45}.Debug|Any CPU.Build.0 = Debug|Any CPU
		{D5394B7C-98A8-4625-AC5B-0AEFC1846E45}.Release|Any CPU.ActiveCfg = Release|Any CPU
		{D5394B7C-98A8-4625-AC5B-0AEFC1846E45}.Release|Any CPU.Build.0 = Release|Any CPU
		{938E946E-2231-4519-923A-0B314B47814F}.Debug|Any CPU.ActiveCfg = Debug|Any CPU
		{938E946E-2231-4519-923A-0B314B47814F}.Debug|Any CPU.Build.0 = Debug|Any CPU
		{938E946E-2231-4519-923A-0B314B47814F}.Release|Any CPU.ActiveCfg = Release|Any CPU
		{938E946E-2231-4519-923A-0B314B47814F}.Release|Any CPU.Build.0 = Release|Any CPU
		{97045089-2D3C-45AD-B69E-80602B1208DD}.Debug|Any CPU.ActiveCfg = Debug|Any CPU
		{97045089-2D3C-45AD-B69E-80602B1208DD}.Debug|Any CPU.Build.0 = Debug|Any CPU
		{97045089-2D3C-45AD-B69E-80602B1208DD}.Release|Any CPU.ActiveCfg = Release|Any CPU
		{97045089-2D3C-45AD-B69E-80602B1208DD}.Release|Any CPU.Build.0 = Release|Any CPU
		{0953B81D-6F7D-41F8-BA42-B63136BA4FE0}.Debug|Any CPU.ActiveCfg = Debug|Any CPU
		{0953B81D-6F7D-41F8-BA42-B63136BA4FE0}.Debug|Any CPU.Build.0 = Debug|Any CPU
		{0953B81D-6F7D-41F8-BA42-B63136BA4FE0}.Release|Any CPU.ActiveCfg = Release|Any CPU
		{0953B81D-6F7D-41F8-BA42-B63136BA4FE0}.Release|Any CPU.Build.0 = Release|Any CPU
		{5E7B97C0-FCD0-41AF-A0CA-F276E327889D}.Debug|Any CPU.ActiveCfg = Debug|Any CPU
		{5E7B97C0-FCD0-41AF-A0CA-F276E327889D}.Debug|Any CPU.Build.0 = Debug|Any CPU
		{5E7B97C0-FCD0-41AF-A0CA-F276E327889D}.Release|Any CPU.ActiveCfg = Release|Any CPU
		{5E7B97C0-FCD0-41AF-A0CA-F276E327889D}.Release|Any CPU.Build.0 = Release|Any CPU
		{B2A0AB4A-2AEC-432C-9CCD-32474542D9AC}.Debug|Any CPU.ActiveCfg = Debug|Any CPU
		{B2A0AB4A-2AEC-432C-9CCD-32474542D9AC}.Debug|Any CPU.Build.0 = Debug|Any CPU
		{B2A0AB4A-2AEC-432C-9CCD-32474542D9AC}.Release|Any CPU.ActiveCfg = Release|Any CPU
		{B2A0AB4A-2AEC-432C-9CCD-32474542D9AC}.Release|Any CPU.Build.0 = Release|Any CPU
		{EC2FC6D5-2592-435A-94E4-E29A0543CA96}.Debug|Any CPU.ActiveCfg = Debug|Any CPU
		{EC2FC6D5-2592-435A-94E4-E29A0543CA96}.Debug|Any CPU.Build.0 = Debug|Any CPU
		{EC2FC6D5-2592-435A-94E4-E29A0543CA96}.Release|Any CPU.ActiveCfg = Release|Any CPU
		{EC2FC6D5-2592-435A-94E4-E29A0543CA96}.Release|Any CPU.Build.0 = Release|Any CPU
		{E2227FD3-456B-40F2-9D3B-0595096A5F27}.Debug|Any CPU.ActiveCfg = Debug|Any CPU
		{E2227FD3-456B-40F2-9D3B-0595096A5F27}.Debug|Any CPU.Build.0 = Debug|Any CPU
		{E2227FD3-456B-40F2-9D3B-0595096A5F27}.Release|Any CPU.ActiveCfg = Release|Any CPU
		{E2227FD3-456B-40F2-9D3B-0595096A5F27}.Release|Any CPU.Build.0 = Release|Any CPU
		{BCF5174B-5AA9-4977-93B9-6F4AE5C38B38}.Debug|Any CPU.ActiveCfg = Debug|Any CPU
		{BCF5174B-5AA9-4977-93B9-6F4AE5C38B38}.Debug|Any CPU.Build.0 = Debug|Any CPU
		{BCF5174B-5AA9-4977-93B9-6F4AE5C38B38}.Release|Any CPU.ActiveCfg = Release|Any CPU
		{BCF5174B-5AA9-4977-93B9-6F4AE5C38B38}.Release|Any CPU.Build.0 = Release|Any CPU
		{69118BEB-3EB3-43BD-9A5B-0E53A583A744}.Debug|Any CPU.ActiveCfg = Debug|Any CPU
		{69118BEB-3EB3-43BD-9A5B-0E53A583A744}.Debug|Any CPU.Build.0 = Debug|Any CPU
		{69118BEB-3EB3-43BD-9A5B-0E53A583A744}.Release|Any CPU.ActiveCfg = Release|Any CPU
		{69118BEB-3EB3-43BD-9A5B-0E53A583A744}.Release|Any CPU.Build.0 = Release|Any CPU
		{A825E8D9-6867-4550-A494-D759D157EFA8}.Debug|Any CPU.ActiveCfg = Debug|Any CPU
		{A825E8D9-6867-4550-A494-D759D157EFA8}.Debug|Any CPU.Build.0 = Debug|Any CPU
		{A825E8D9-6867-4550-A494-D759D157EFA8}.Release|Any CPU.ActiveCfg = Release|Any CPU
		{A825E8D9-6867-4550-A494-D759D157EFA8}.Release|Any CPU.Build.0 = Release|Any CPU
		{0BAD856A-9DEE-47A0-A2C8-433DD50575E3}.Debug|Any CPU.ActiveCfg = Debug|Any CPU
		{0BAD856A-9DEE-47A0-A2C8-433DD50575E3}.Debug|Any CPU.Build.0 = Debug|Any CPU
		{0BAD856A-9DEE-47A0-A2C8-433DD50575E3}.Release|Any CPU.ActiveCfg = Release|Any CPU
		{0BAD856A-9DEE-47A0-A2C8-433DD50575E3}.Release|Any CPU.Build.0 = Release|Any CPU
		{20A5144D-8DC6-4340-A87D-1B741D0A7963}.Debug|Any CPU.ActiveCfg = Debug|Any CPU
		{20A5144D-8DC6-4340-A87D-1B741D0A7963}.Debug|Any CPU.Build.0 = Debug|Any CPU
		{20A5144D-8DC6-4340-A87D-1B741D0A7963}.Release|Any CPU.ActiveCfg = Release|Any CPU
		{20A5144D-8DC6-4340-A87D-1B741D0A7963}.Release|Any CPU.Build.0 = Release|Any CPU
		{1139F269-9529-4EBF-BCA8-6AAE02EAA0AC}.Debug|Any CPU.ActiveCfg = Debug|Any CPU
		{1139F269-9529-4EBF-BCA8-6AAE02EAA0AC}.Debug|Any CPU.Build.0 = Debug|Any CPU
		{1139F269-9529-4EBF-BCA8-6AAE02EAA0AC}.Release|Any CPU.ActiveCfg = Release|Any CPU
		{1139F269-9529-4EBF-BCA8-6AAE02EAA0AC}.Release|Any CPU.Build.0 = Release|Any CPU
		{1D9C2929-B307-4BC6-B81C-9220547F3574}.Debug|Any CPU.ActiveCfg = Debug|Any CPU
		{1D9C2929-B307-4BC6-B81C-9220547F3574}.Debug|Any CPU.Build.0 = Debug|Any CPU
		{1D9C2929-B307-4BC6-B81C-9220547F3574}.Release|Any CPU.ActiveCfg = Release|Any CPU
		{1D9C2929-B307-4BC6-B81C-9220547F3574}.Release|Any CPU.Build.0 = Release|Any CPU
		{4F63FFB3-C4C5-4520-AF76-2595F29F0B43}.Debug|Any CPU.ActiveCfg = Debug|Any CPU
		{4F63FFB3-C4C5-4520-AF76-2595F29F0B43}.Debug|Any CPU.Build.0 = Debug|Any CPU
		{4F63FFB3-C4C5-4520-AF76-2595F29F0B43}.Release|Any CPU.ActiveCfg = Release|Any CPU
		{4F63FFB3-C4C5-4520-AF76-2595F29F0B43}.Release|Any CPU.Build.0 = Release|Any CPU
	EndGlobalSection
	GlobalSection(SolutionProperties) = preSolution
		HideSolutionNode = FALSE
	EndGlobalSection
	GlobalSection(NestedProjects) = preSolution
		{97045089-2D3C-45AD-B69E-80602B1208DD} = {9DD4A5DE-4753-4799-8551-9F6437413EAE}
		{0953B81D-6F7D-41F8-BA42-B63136BA4FE0} = {9DD4A5DE-4753-4799-8551-9F6437413EAE}
		{5E7B97C0-FCD0-41AF-A0CA-F276E327889D} = {9FAB8D1B-01FA-498B-9758-6DE987675DCB}
		{B2A0AB4A-2AEC-432C-9CCD-32474542D9AC} = {9FAB8D1B-01FA-498B-9758-6DE987675DCB}
		{EC2FC6D5-2592-435A-94E4-E29A0543CA96} = {9DD4A5DE-4753-4799-8551-9F6437413EAE}
		{DDD02E73-9579-4CEB-98B3-6AEB4BE63358} = {9DD4A5DE-4753-4799-8551-9F6437413EAE}
		{E2227FD3-456B-40F2-9D3B-0595096A5F27} = {DDD02E73-9579-4CEB-98B3-6AEB4BE63358}
		{BCF5174B-5AA9-4977-93B9-6F4AE5C38B38} = {DDD02E73-9579-4CEB-98B3-6AEB4BE63358}
		{69118BEB-3EB3-43BD-9A5B-0E53A583A744} = {DDD02E73-9579-4CEB-98B3-6AEB4BE63358}
		{A825E8D9-6867-4550-A494-D759D157EFA8} = {DDD02E73-9579-4CEB-98B3-6AEB4BE63358}
		{0BAD856A-9DEE-47A0-A2C8-433DD50575E3} = {DDD02E73-9579-4CEB-98B3-6AEB4BE63358}
		{20A5144D-8DC6-4340-A87D-1B741D0A7963} = {DDD02E73-9579-4CEB-98B3-6AEB4BE63358}
		{1139F269-9529-4EBF-BCA8-6AAE02EAA0AC} = {9FAB8D1B-01FA-498B-9758-6DE987675DCB}
		{1D9C2929-B307-4BC6-B81C-9220547F3574} = {9FAB8D1B-01FA-498B-9758-6DE987675DCB}
		{4F63FFB3-C4C5-4520-AF76-2595F29F0B43} = {9DD4A5DE-4753-4799-8551-9F6437413EAE}
	EndGlobalSection
	GlobalSection(ExtensibilityGlobals) = postSolution
		SolutionGuid = {8290208B-A631-4AED-A942-BD49A1AAC5F5}
	EndGlobalSection
EndGlobal
